
Microsoft Visual Studio Solution File, Format Version 12.00
# Visual Studio Version 17
VisualStudioVersion = 17.5.002.0
MinimumVisualStudioVersion = 10.0.40219.1
Project("{9A19103F-16F7-4668-BE54-9A1E7A4F7556}") = "task1", "task1.csproj", "{58236FC8-278D-4525-9BFB-CC61610D8F7D}"
EndProject
Global
	GlobalSection(SolutionConfigurationPlatforms) = preSolution
		Debug|Any CPU = Debug|Any CPU
		Release|Any CPU = Release|Any CPU
	EndGlobalSection
	GlobalSection(ProjectConfigurationPlatforms) = postSolution
		{58236FC8-278D-4525-9BFB-CC61610D8F7D}.Debug|Any CPU.ActiveCfg = Debug|Any CPU
		{58236FC8-278D-4525-9BFB-CC61610D8F7D}.Debug|Any CPU.Build.0 = Debug|Any CPU
		{58236FC8-278D-4525-9BFB-CC61610D8F7D}.Release|Any CPU.ActiveCfg = Release|Any CPU
		{58236FC8-278D-4525-9BFB-CC61610D8F7D}.Release|Any CPU.Build.0 = Release|Any CPU
	EndGlobalSection
	GlobalSection(SolutionProperties) = preSolution
		HideSolutionNode = FALSE
	EndGlobalSection
	GlobalSection(ExtensibilityGlobals) = postSolution
		SolutionGuid = {BDE4076C-2B6B-4493-82B9-812F1C9D2CCA}
	EndGlobalSection
EndGlobal
