
Microsoft Visual Studio Solution File, Format Version 12.00
# Visual Studio Version 17
VisualStudioVersion = 17.5.002.0
MinimumVisualStudioVersion = 10.0.40219.1
Project("{9A19103F-16F7-4668-BE54-9A1E7A4F7556}") = "Practical8", "Practical8.csproj", "{BBB05B40-3B1F-43C1-B9C7-A7F1B7192198}"
EndProject
Global
	GlobalSection(SolutionConfigurationPlatforms) = preSolution
		Debug|Any CPU = Debug|Any CPU
		Release|Any CPU = Release|Any CPU
	EndGlobalSection
	GlobalSection(ProjectConfigurationPlatforms) = postSolution
		{BBB05B40-3B1F-43C1-B9C7-A7F1B7192198}.Debug|Any CPU.ActiveCfg = Debug|Any CPU
		{BBB05B40-3B1F-43C1-B9C7-A7F1B7192198}.Debug|Any CPU.Build.0 = Debug|Any CPU
		{BBB05B40-3B1F-43C1-B9C7-A7F1B7192198}.Release|Any CPU.ActiveCfg = Release|Any CPU
		{BBB05B40-3B1F-43C1-B9C7-A7F1B7192198}.Release|Any CPU.Build.0 = Release|Any CPU
	EndGlobalSection
	GlobalSection(SolutionProperties) = preSolution
		HideSolutionNode = FALSE
	EndGlobalSection
	GlobalSection(ExtensibilityGlobals) = postSolution
		SolutionGuid = {9B61A300-2B07-48B1-8BF6-4A5070607A9D}
	EndGlobalSection
EndGlobal
